
Microsoft Visual Studio Solution File, Format Version 12.00
# Visual Studio 15
Project("{FAE04EC0-301F-11D3-BF4B-00C04F79EFBC}") = "Assembly-CSharp", "Assembly-CSharp.csproj", "{C8235B3F-1511-C3A9-0562-681F6B79C0F3}"
EndProject
Project("{FAE04EC0-301F-11D3-BF4B-00C04F79EFBC}") = "Assembly-CSharp-firstpass", "Assembly-CSharp-firstpass.csproj", "{48BD88E3-CD92-A7EC-C5B1-3C803EE9531F}"
EndProject
Project("{FAE04EC0-301F-11D3-BF4B-00C04F79EFBC}") = "Assembly-CSharp-Editor", "Assembly-CSharp-Editor.csproj", "{368B06B9-431E-2706-7D25-CB2AD273EABE}"
EndProject
Global
	GlobalSection(SolutionConfigurationPlatforms) = preSolution
		Debug|Any CPU = Debug|Any CPU
		Release|Any CPU = Release|Any CPU
	EndGlobalSection
	GlobalSection(ProjectConfigurationPlatforms) = postSolution
		{C8235B3F-1511-C3A9-0562-681F6B79C0F3}.Debug|Any CPU.ActiveCfg = Debug|Any CPU
		{C8235B3F-1511-C3A9-0562-681F6B79C0F3}.Debug|Any CPU.Build.0 = Debug|Any CPU
		{C8235B3F-1511-C3A9-0562-681F6B79C0F3}.Release|Any CPU.ActiveCfg = Release|Any CPU
		{C8235B3F-1511-C3A9-0562-681F6B79C0F3}.Release|Any CPU.Build.0 = Release|Any CPU
		{48BD88E3-CD92-A7EC-C5B1-3C803EE9531F}.Debug|Any CPU.ActiveCfg = Debug|Any CPU
		{48BD88E3-CD92-A7EC-C5B1-3C803EE9531F}.Debug|Any CPU.Build.0 = Debug|Any CPU
		{48BD88E3-CD92-A7EC-C5B1-3C803EE9531F}.Release|Any CPU.ActiveCfg = Release|Any CPU
		{48BD88E3-CD92-A7EC-C5B1-3C803EE9531F}.Release|Any CPU.Build.0 = Release|Any CPU
		{368B06B9-431E-2706-7D25-CB2AD273EABE}.Debug|Any CPU.ActiveCfg = Debug|Any CPU
		{368B06B9-431E-2706-7D25-CB2AD273EABE}.Debug|Any CPU.Build.0 = Debug|Any CPU
		{368B06B9-431E-2706-7D25-CB2AD273EABE}.Release|Any CPU.ActiveCfg = Release|Any CPU
		{368B06B9-431E-2706-7D25-CB2AD273EABE}.Release|Any CPU.Build.0 = Release|Any CPU
	EndGlobalSection
	GlobalSection(SolutionProperties) = preSolution
		HideSolutionNode = FALSE
	EndGlobalSection
EndGlobal
